
Microsoft Visual Studio Solution File, Format Version 12.00
# Visual Studio 2013
VisualStudioVersion = 12.0.21005.1
MinimumVisualStudioVersion = 10.0.40219.1
Project("{FAE04EC0-301F-11D3-BF4B-00C04F79EFBC}") = "BLT.Websites.PlatformAdmin", "BLT.Websites.PlatformAdmin\BLT.Websites.PlatformAdmin.csproj", "{40B06382-8FC4-49BE-9E87-D4E0EADC1329}"
EndProject
Project("{2150E333-8FDC-42A3-9474-1A3956D46DE8}") = ".nuget", ".nuget", "{B4DFD566-72DE-478E-9BE5-197742CD0D91}"
	ProjectSection(SolutionItems) = preProject
		.nuget\NuGet.Config = .nuget\NuGet.Config
		.nuget\NuGet.exe = .nuget\NuGet.exe
		.nuget\NuGet.targets = .nuget\NuGet.targets
	EndProjectSection
EndProject
Global
	GlobalSection(TeamFoundationVersionControl) = preSolution
		SccNumberOfProjects = 2
		SccEnterpriseProvider = {4CA58AB2-18FA-4F8D-95D4-32DDF27D184C}
		SccTeamFoundationServer = https://blt.visualstudio.com/defaultcollection
		SccLocalPath0 = .
		SccProjectUniqueName1 = BLT.Websites.PlatformAdmin\\BLT.Websites.PlatformAdmin.csproj
		SccProjectName1 = BLT.Websites.PlatformAdmin
		SccLocalPath1 = BLT.Websites.PlatformAdmin
	EndGlobalSection
	GlobalSection(SolutionConfigurationPlatforms) = preSolution
		Debug|Any CPU = Debug|Any CPU
		Release|Any CPU = Release|Any CPU
		Stage|Any CPU = Stage|Any CPU
	EndGlobalSection
	GlobalSection(ProjectConfigurationPlatforms) = postSolution
		{40B06382-8FC4-49BE-9E87-D4E0EADC1329}.Debug|Any CPU.ActiveCfg = Debug|Any CPU
		{40B06382-8FC4-49BE-9E87-D4E0EADC1329}.Debug|Any CPU.Build.0 = Debug|Any CPU
		{40B06382-8FC4-49BE-9E87-D4E0EADC1329}.Release|Any CPU.ActiveCfg = Release|Any CPU
		{40B06382-8FC4-49BE-9E87-D4E0EADC1329}.Release|Any CPU.Build.0 = Release|Any CPU
		{40B06382-8FC4-49BE-9E87-D4E0EADC1329}.Stage|Any CPU.ActiveCfg = Stage|Any CPU
		{40B06382-8FC4-49BE-9E87-D4E0EADC1329}.Stage|Any CPU.Build.0 = Stage|Any CPU
	EndGlobalSection
	GlobalSection(SolutionProperties) = preSolution
		HideSolutionNode = FALSE
	EndGlobalSection
EndGlobal
